
Microsoft Visual Studio Solution File, Format Version 12.00
# Visual Studio 2012
Project("{FAE04EC0-301F-11D3-BF4B-00C04F79EFBC}") = "Web.UI", "Web.UI\Web.UI.csproj", "{8178D699-2229-48B2-8237-7CF56909A826}"
EndProject
Project("{2150E333-8FDC-42A3-9474-1A3956D46DE8}") = ".nuget", ".nuget", "{2EBD5792-C4E8-463C-80E8-B6BB7401CF79}"
	ProjectSection(SolutionItems) = preProject
		.nuget\NuGet.Config = .nuget\NuGet.Config
		.nuget\NuGet.exe = .nuget\NuGet.exe
		.nuget\NuGet.targets = .nuget\NuGet.targets
	EndProjectSection
EndProject
Project("{2150E333-8FDC-42A3-9474-1A3956D46DE8}") = "Solution Items", "Solution Items", "{8A2B3F67-C425-43A5-8F39-7F5BB68C7D0A}"
	ProjectSection(SolutionItems) = preProject
		..\README.md = ..\README.md
		WE-settings.xml = WE-settings.xml
	EndProjectSection
EndProject
Project("{FAE04EC0-301F-11D3-BF4B-00C04F79EFBC}") = "MSMVC", "MSMVC\MSMVC.csproj", "{39A30487-CAE8-49A3-BEB5-1F5AF15AF2EA}"
EndProject
Global
	GlobalSection(SolutionConfigurationPlatforms) = preSolution
		Debug|Any CPU = Debug|Any CPU
		Release|Any CPU = Release|Any CPU
	EndGlobalSection
	GlobalSection(ProjectConfigurationPlatforms) = postSolution
		{8178D699-2229-48B2-8237-7CF56909A826}.Debug|Any CPU.ActiveCfg = Debug|Any CPU
		{8178D699-2229-48B2-8237-7CF56909A826}.Debug|Any CPU.Build.0 = Debug|Any CPU
		{8178D699-2229-48B2-8237-7CF56909A826}.Release|Any CPU.ActiveCfg = Release|Any CPU
		{8178D699-2229-48B2-8237-7CF56909A826}.Release|Any CPU.Build.0 = Release|Any CPU
		{39A30487-CAE8-49A3-BEB5-1F5AF15AF2EA}.Debug|Any CPU.ActiveCfg = Debug|Any CPU
		{39A30487-CAE8-49A3-BEB5-1F5AF15AF2EA}.Debug|Any CPU.Build.0 = Debug|Any CPU
		{39A30487-CAE8-49A3-BEB5-1F5AF15AF2EA}.Release|Any CPU.ActiveCfg = Release|Any CPU
		{39A30487-CAE8-49A3-BEB5-1F5AF15AF2EA}.Release|Any CPU.Build.0 = Release|Any CPU
	EndGlobalSection
	GlobalSection(SolutionProperties) = preSolution
		HideSolutionNode = FALSE
	EndGlobalSection
EndGlobal
